// !$*UTF8*$!
{
	archiveVersion = 1;
	classes = {
	};
	objectVersion = 50;
	objects = {

/* Begin PBXBuildFile section */
		A81CB443235BA9FA0038C71F /* AppDelegate.swift in Sources */ = {isa = PBXBuildFile; fileRef = A81CB442235BA9FA0038C71F /* AppDelegate.swift */; };
		A81CB44A235BA9FA0038C71F /* Main.storyboard in Resources */ = {isa = PBXBuildFile; fileRef = A81CB448235BA9FA0038C71F /* Main.storyboard */; };
		A81CB44C235BA9FB0038C71F /* Assets.xcassets in Resources */ = {isa = PBXBuildFile; fileRef = A81CB44B235BA9FB0038C71F /* Assets.xcassets */; };
		A81CB44F235BA9FB0038C71F /* LaunchScreen.storyboard in Resources */ = {isa = PBXBuildFile; fileRef = A81CB44D235BA9FB0038C71F /* LaunchScreen.storyboard */; };
		A81CB457235BAAC80038C71F /* NoteListViewController.swift in Sources */ = {isa = PBXBuildFile; fileRef = A81CB456235BAAC80038C71F /* NoteListViewController.swift */; };
		A81CB45A235BAB8E0038C71F /* Note.swift in Sources */ = {isa = PBXBuildFile; fileRef = A81CB459235BAB8E0038C71F /* Note.swift */; };
		A81CB45C235BAEFF0038C71F /* NoteViewController.swift in Sources */ = {isa = PBXBuildFile; fileRef = A81CB45B235BAEFF0038C71F /* NoteViewController.swift */; };
		A81CB45E235BB4C60038C71F /* NoteManager.swift in Sources */ = {isa = PBXBuildFile; fileRef = A81CB45D235BB4C60038C71F /* NoteManager.swift */; };
/* End PBXBuildFile section */

/* Begin PBXFileReference section */
		A81CB43F235BA9FA0038C71F /* NotesApp.app */ = {isa = PBXFileReference; explicitFileType = wrapper.application; includeInIndex = 0; path = NotesApp.app; sourceTree = BUILT_PRODUCTS_DIR; };
		A81CB442235BA9FA0038C71F /* AppDelegate.swift */ = {isa = PBXFileReference; lastKnownFileType = sourcecode.swift; path = AppDelegate.swift; sourceTree = "<group>"; };
		A81CB449235BA9FA0038C71F /* Base */ = {isa = PBXFileReference; lastKnownFileType = file.storyboard; name = Base; path = Base.lproj/Main.storyboard; sourceTree = "<group>"; };
		A81CB44B235BA9FB0038C71F /* Assets.xcassets */ = {isa = PBXFileReference; lastKnownFileType = folder.assetcatalog; path = Assets.xcassets; sourceTree = "<group>"; };
		A81CB44E235BA9FB0038C71F /* Base */ = {isa = PBXFileReference; lastKnownFileType = file.storyboard; name = Base; path = Base.lproj/LaunchScreen.storyboard; sourceTree = "<group>"; };
		A81CB450235BA9FB0038C71F /* Info.plist */ = {isa = PBXFileReference; lastKnownFileType = text.plist.xml; path = Info.plist; sourceTree = "<group>"; };
		A81CB456235BAAC80038C71F /* NoteListViewController.swift */ = {isa = PBXFileReference; lastKnownFileType = sourcecode.swift; path = NoteListViewController.swift; sourceTree = "<group>"; };
		A81CB459235BAB8E0038C71F /* Note.swift */ = {isa = PBXFileReference; lastKnownFileType = sourcecode.swift; path = Note.swift; sourceTree = "<group>"; };
		A81CB45B235BAEFF0038C71F /* NoteViewController.swift */ = {isa = PBXFileReference; lastKnownFileType = sourcecode.swift; path = NoteViewController.swift; sourceTree = "<group>"; };
		A81CB45D235BB4C60038C71F /* NoteManager.swift */ = {isa = PBXFileReference; lastKnownFileType = sourcecode.swift; path = NoteManager.swift; sourceTree = "<group>"; };
/* End PBXFileReference section */

/* Begin PBXFrameworksBuildPhase section */
		A81CB43C235BA9FA0038C71F /* Frameworks */ = {
			isa = PBXFrameworksBuildPhase;
			buildActionMask = 2147483647;
			files = (
			);
			runOnlyForDeploymentPostprocessing = 0;
		};
/* End PBXFrameworksBuildPhase section */

/* Begin PBXGroup section */
		A81CB436235BA9FA0038C71F = {
			isa = PBXGroup;
			children = (
				A81CB441235BA9FA0038C71F /* NotesApp */,
				A81CB440235BA9FA0038C71F /* Products */,
			);
			sourceTree = "<group>";
		};
		A81CB440235BA9FA0038C71F /* Products */ = {
			isa = PBXGroup;
			children = (
				A81CB43F235BA9FA0038C71F /* NotesApp.app */,
			);
			name = Products;
			sourceTree = "<group>";
		};
		A81CB441235BA9FA0038C71F /* NotesApp */ = {
			isa = PBXGroup;
			children = (
				A81CB458235BAB520038C71F /* Models */,
				A81CB442235BA9FA0038C71F /* AppDelegate.swift */,
				A81CB448235BA9FA0038C71F /* Main.storyboard */,
				A81CB44B235BA9FB0038C71F /* Assets.xcassets */,
				A81CB44D235BA9FB0038C71F /* LaunchScreen.storyboard */,
				A81CB450235BA9FB0038C71F /* Info.plist */,
				A81CB456235BAAC80038C71F /* NoteListViewController.swift */,
				A81CB45B235BAEFF0038C71F /* NoteViewController.swift */,
				A81CB45D235BB4C60038C71F /* NoteManager.swift */,
			);
			path = NotesApp;
			sourceTree = "<group>";
		};
		A81CB458235BAB520038C71F /* Models */ = {
			isa = PBXGroup;
			children = (
				A81CB459235BAB8E0038C71F /* Note.swift */,
			);
			path = Models;
			sourceTree = "<group>";
		};
/* End PBXGroup section */

/* Begin PBXNativeTarget section */
		A81CB43E235BA9FA0038C71F /* NotesApp */ = {
			isa = PBXNativeTarget;
			buildConfigurationList = A81CB453235BA9FB0038C71F /* Build configuration list for PBXNativeTarget "NotesApp" */;
			buildPhases = (
				A81CB43B235BA9FA0038C71F /* Sources */,
				A81CB43C235BA9FA0038C71F /* Frameworks */,
				A81CB43D235BA9FA0038C71F /* Resources */,
			);
			buildRules = (
			);
			dependencies = (
			);
			name = NotesApp;
			productName = NotesApp;
			productReference = A81CB43F235BA9FA0038C71F /* NotesApp.app */;
			productType = "com.apple.product-type.application";
		};
/* End PBXNativeTarget section */

/* Begin PBXProject section */
		A81CB437235BA9FA0038C71F /* Project object */ = {
			isa = PBXProject;
			attributes = {
				LastSwiftUpdateCheck = 1100;
				LastUpgradeCheck = 1100;
				ORGANIZATIONNAME = "Liem Vo";
				TargetAttributes = {
					A81CB43E235BA9FA0038C71F = {
						CreatedOnToolsVersion = 11.0;
					};
				};
			};
			buildConfigurationList = A81CB43A235BA9FA0038C71F /* Build configuration list for PBXProject "NotesApp" */;
			compatibilityVersion = "Xcode 9.3";
			developmentRegion = en;
			hasScannedForEncodings = 0;
			knownRegions = (
				en,
				Base,
			);
			mainGroup = A81CB436235BA9FA0038C71F;
			productRefGroup = A81CB440235BA9FA0038C71F /* Products */;
			projectDirPath = "";
			projectRoot = "";
			targets = (
				A81CB43E235BA9FA0038C71F /* NotesApp */,
			);
		};
/* End PBXProject section */

/* Begin PBXResourcesBuildPhase section */
		A81CB43D235BA9FA0038C71F /* Resources */ = {
			isa = PBXResourcesBuildPhase;
			buildActionMask = 2147483647;
			files = (
				A81CB44F235BA9FB0038C71F /* LaunchScreen.storyboard in Resources */,
				A81CB44C235BA9FB0038C71F /* Assets.xcassets in Resources */,
				A81CB44A235BA9FA0038C71F /* Main.storyboard in Resources */,
			);
			runOnlyForDeploymentPostprocessing = 0;
		};
/* End PBXResourcesBuildPhase section */

/* Begin PBXSourcesBuildPhase section */
		A81CB43B235BA9FA0038C71F /* Sources */ = {
			isa = PBXSourcesBuildPhase;
			buildActionMask = 2147483647;
			files = (
				A81CB45E235BB4C60038C71F /* NoteManager.swift in Sources */,
				A81CB45C235BAEFF0038C71F /* NoteViewController.swift in Sources */,
				A81CB457235BAAC80038C71F /* NoteListViewController.swift in Sources */,
				A81CB45A235BAB8E0038C71F /* Note.swift in Sources */,
				A81CB443235BA9FA0038C71F /* AppDelegate.swift in Sources */,
			);
			runOnlyForDeploymentPostprocessing = 0;
		};
/* End PBXSourcesBuildPhase section */

/* Begin PBXVariantGroup section */
		A81CB448235BA9FA0038C71F /* Main.storyboard */ = {
			isa = PBXVariantGroup;
			children = (
				A81CB449235BA9FA0038C71F /* Base */,
			);
			name = Main.storyboard;
			sourceTree = "<group>";
		};
		A81CB44D235BA9FB0038C71F /* LaunchScreen.storyboard */ = {
			isa = PBXVariantGroup;
			children = (
				A81CB44E235BA9FB0038C71F /* Base */,
			);
			name = LaunchScreen.storyboard;
			sourceTree = "<group>";
		};
/* End PBXVariantGroup section */

/* Begin XCBuildConfiguration section */
		A81CB451235BA9FB0038C71F /* Debug */ = {
			isa = XCBuildConfiguration;
			buildSettings = {
				ALWAYS_SEARCH_USER_PATHS = NO;
				CLANG_ANALYZER_NONNULL = YES;
				CLANG_ANALYZER_NUMBER_OBJECT_CONVERSION = YES_AGGRESSIVE;
				CLANG_CXX_LANGUAGE_STANDARD = "gnu++14";
				CLANG_CXX_LIBRARY = "libc++";
				CLANG_ENABLE_MODULES = YES;
				CLANG_ENABLE_OBJC_ARC = YES;
				CLANG_ENABLE_OBJC_WEAK = YES;
				CLANG_WARN_BLOCK_CAPTURE_AUTORELEASING = YES;
				CLANG_WARN_BOOL_CONVERSION = YES;
				CLANG_WARN_COMMA = YES;
				CLANG_WARN_CONSTANT_CONVERSION = YES;
				CLANG_WARN_DEPRECATED_OBJC_IMPLEMENTATIONS = YES;
				CLANG_WARN_DIRECT_OBJC_ISA_USAGE = YES_ERROR;
				CLANG_WARN_DOCUMENTATION_COMMENTS = YES;
				CLANG_WARN_EMPTY_BODY = YES;
				CLANG_WARN_ENUM_CONVERSION = YES;
				CLANG_WARN_INFINITE_RECURSION = YES;
				CLANG_WARN_INT_CONVERSION = YES;
				CLANG_WARN_NON_LITERAL_NULL_CONVERSION = YES;
				CLANG_WARN_OBJC_IMPLICIT_RETAIN_SELF = YES;
				CLANG_WARN_OBJC_LITERAL_CONVERSION = YES;
				CLANG_WARN_OBJC_ROOT_CLASS = YES_ERROR;
				CLANG_WARN_RANGE_LOOP_ANALYSIS = YES;
				CLANG_WARN_STRICT_PROTOTYPES = YES;
				CLANG_WARN_SUSPICIOUS_MOVE = YES;
				CLANG_WARN_UNGUARDED_AVAILABILITY = YES_AGGRESSIVE;
				CLANG_WARN_UNREACHABLE_CODE = YES;
				CLANG_WARN__DUPLICATE_METHOD_MATCH = YES;
				COPY_PHASE_STRIP = NO;
				DEBUG_INFORMATION_FORMAT = dwarf;
				ENABLE_STRICT_OBJC_MSGSEND = YES;
				ENABLE_TESTABILITY = YES;
				GCC_C_LANGUAGE_STANDARD = gnu11;
				GCC_DYNAMIC_NO_PIC = NO;
				GCC_NO_COMMON_BLOCKS = YES;
				GCC_OPTIMIZATION_LEVEL = 0;
				GCC_PREPROCESSOR_DEFINITIONS = (
					"DEBUG=1",
					"$(inherited)",
				);
				GCC_WARN_64_TO_32_BIT_CONVERSION = YES;
				GCC_WARN_ABOUT_RETURN_TYPE = YES_ERROR;
				GCC_WARN_UNDECLARED_SELECTOR = YES;
				GCC_WARN_UNINITIALIZED_AUTOS = YES_AGGRESSIVE;
				GCC_WARN_UNUSED_FUNCTION = YES;
				GCC_WARN_UNUSED_VARIABLE = YES;
				IPHONEOS_DEPLOYMENT_TARGET = 13.0;
				MTL_ENABLE_DEBUG_INFO = INCLUDE_SOURCE;
				MTL_FAST_MATH = YES;
				ONLY_ACTIVE_ARCH = YES;
				SDKROOT = iphoneos;
				SWIFT_ACTIVE_COMPILATION_CONDITIONS = DEBUG;
				SWIFT_OPTIMIZATION_LEVEL = "-Onone";
			};
			name = Debug;
		};
		A81CB452235BA9FB0038C71F /* Release */ = {
			isa = XCBuildConfiguration;
			buildSettings = {
				ALWAYS_SEARCH_USER_PATHS = NO;
				CLANG_ANALYZER_NONNULL = YES;
				CLANG_ANALYZER_NUMBER_OBJECT_CONVERSION = YES_AGGRESSIVE;
				CLANG_CXX_LANGUAGE_STANDARD = "gnu++14";
				CLANG_CXX_LIBRARY = "libc++";
				CLANG_ENABLE_MODULES = YES;
				CLANG_ENABLE_OBJC_ARC = YES;
				CLANG_ENABLE_OBJC_WEAK = YES;
				CLANG_WARN_BLOCK_CAPTURE_AUTORELEASING = YES;
				CLANG_WARN_BOOL_CONVERSION = YES;
				CLANG_WARN_COMMA = YES;
				CLANG_WARN_CONSTANT_CONVERSION = YES;
				CLANG_WARN_DEPRECATED_OBJC_IMPLEMENTATIONS = YES;
				CLANG_WARN_DIRECT_OBJC_ISA_USAGE = YES_ERROR;
				CLANG_WARN_DOCUMENTATION_COMMENTS = YES;
				CLANG_WARN_EMPTY_BODY = YES;
				CLANG_WARN_ENUM_CONVERSION = YES;
				CLANG_WARN_INFINITE_RECURSION = YES;
				CLANG_WARN_INT_CONVERSION = YES;
				CLANG_WARN_NON_LITERAL_NULL_CONVERSION = YES;
				CLANG_WARN_OBJC_IMPLICIT_RETAIN_SELF = YES;
				CLANG_WARN_OBJC_LITERAL_CONVERSION = YES;
				CLANG_WARN_OBJC_ROOT_CLASS = YES_ERROR;
				CLANG_WARN_RANGE_LOOP_ANALYSIS = YES;
				CLANG_WARN_STRICT_PROTOTYPES = YES;
				CLANG_WARN_SUSPICIOUS_MOVE = YES;
				CLANG_WARN_UNGUARDED_AVAILABILITY = YES_AGGRESSIVE;
				CLANG_WARN_UNREACHABLE_CODE = YES;
				CLANG_WARN__DUPLICATE_METHOD_MATCH = YES;
				COPY_PHASE_STRIP = NO;
				DEBUG_INFORMATION_FORMAT = "dwarf-with-dsym";
				ENABLE_NS_ASSERTIONS = NO;
				ENABLE_STRICT_OBJC_MSGSEND = YES;
				GCC_C_LANGUAGE_STANDARD = gnu11;
				GCC_NO_COMMON_BLOCKS = YES;
				GCC_WARN_64_TO_32_BIT_CONVERSION = YES;
				GCC_WARN_ABOUT_RETURN_TYPE = YES_ERROR;
				GCC_WARN_UNDECLARED_SELECTOR = YES;
				GCC_WARN_UNINITIALIZED_AUTOS = YES_AGGRESSIVE;
				GCC_WARN_UNUSED_FUNCTION = YES;
				GCC_WARN_UNUSED_VARIABLE = YES;
				IPHONEOS_DEPLOYMENT_TARGET = 13.0;
				MTL_ENABLE_DEBUG_INFO = NO;
				MTL_FAST_MATH = YES;
				SDKROOT = iphoneos;
				SWIFT_COMPILATION_MODE = wholemodule;
				SWIFT_OPTIMIZATION_LEVEL = "-O";
				VALIDATE_PRODUCT = YES;
			};
			name = Release;
		};
		A81CB454235BA9FB0038C71F /* Debug */ = {
			isa = XCBuildConfiguration;
			buildSettings = {
				ASSETCATALOG_COMPILER_APPICON_NAME = AppIcon;
				CODE_SIGN_STYLE = Automatic;
				DEVELOPMENT_TEAM = X3FGZM4HB9;
				INFOPLIST_FILE = NotesApp/Info.plist;
				LD_RUNPATH_SEARCH_PATHS = (
					"$(inherited)",
					"@executable_path/Frameworks",
				);
				PRODUCT_BUNDLE_IDENTIFIER = com.vad.NotesApp;
				PRODUCT_NAME = "$(TARGET_NAME)";
				SWIFT_VERSION = 5.0;
				TARGETED_DEVICE_FAMILY = "1,2";
			};
			name = Debug;
		};
		A81CB455235BA9FB0038C71F /* Release */ = {
			isa = XCBuildConfiguration;
			buildSettings = {
				ASSETCATALOG_COMPILER_APPICON_NAME = AppIcon;
				CODE_SIGN_STYLE = Automatic;
				DEVELOPMENT_TEAM = X3FGZM4HB9;
				INFOPLIST_FILE = NotesApp/Info.plist;
				LD_RUNPATH_SEARCH_PATHS = (
					"$(inherited)",
					"@executable_path/Frameworks",
				);
				PRODUCT_BUNDLE_IDENTIFIER = com.vad.NotesApp;
				PRODUCT_NAME = "$(TARGET_NAME)";
				SWIFT_VERSION = 5.0;
				TARGETED_DEVICE_FAMILY = "1,2";
			};
			name = Release;
		};
/* End XCBuildConfiguration section */

/* Begin XCConfigurationList section */
		A81CB43A235BA9FA0038C71F /* Build configuration list for PBXProject "NotesApp" */ = {
			isa = XCConfigurationList;
			buildConfigurations = (
				A81CB451235BA9FB0038C71F /* Debug */,
				A81CB452235BA9FB0038C71F /* Release */,
			);
			defaultConfigurationIsVisible = 0;
			defaultConfigurationName = Release;
		};
		A81CB453235BA9FB0038C71F /* Build configuration list for PBXNativeTarget "NotesApp" */ = {
			isa = XCConfigurationList;
			buildConfigurations = (
				A81CB454235BA9FB0038C71F /* Debug */,
				A81CB455235BA9FB0038C71F /* Release */,
			);
			defaultConfigurationIsVisible = 0;
			defaultConfigurationName = Release;
		};
/* End XCConfigurationList section */
	};
	rootObject = A81CB437235BA9FA0038C71F /* Project object */;
}
