// !$*UTF8*$!
{
	archiveVersion = 1;
	classes = {
	};
	objectVersion = 50;
	objects = {

/* Begin PBXBuildFile section */
		44DB83F62312FE7F00F86D81 /* AppDelegate.swift in Sources */ = {isa = PBXBuildFile; fileRef = 44DB83F52312FE7F00F86D81 /* AppDelegate.swift */; };
		44DB83F82312FE7F00F86D81 /* ViewController.swift in Sources */ = {isa = PBXBuildFile; fileRef = 44DB83F72312FE7F00F86D81 /* ViewController.swift */; };
		44DB83FB2312FE7F00F86D81 /* Main.storyboard in Resources */ = {isa = PBXBuildFile; fileRef = 44DB83F92312FE7F00F86D81 /* Main.storyboard */; };
		44DB83FD2312FE7F00F86D81 /* Assets.xcassets in Resources */ = {isa = PBXBuildFile; fileRef = 44DB83FC2312FE7F00F86D81 /* Assets.xcassets */; };
		44DB84002312FE7F00F86D81 /* LaunchScreen.storyboard in Resources */ = {isa = PBXBuildFile; fileRef = 44DB83FE2312FE7F00F86D81 /* LaunchScreen.storyboard */; };
		44DB840B2312FE8000F86D81 /* Project2Tests.swift in Sources */ = {isa = PBXBuildFile; fileRef = 44DB840A2312FE8000F86D81 /* Project2Tests.swift */; };
		44DB84162312FE8000F86D81 /* Project2UITests.swift in Sources */ = {isa = PBXBuildFile; fileRef = 44DB84152312FE8000F86D81 /* Project2UITests.swift */; };
/* End PBXBuildFile section */

/* Begin PBXContainerItemProxy section */
		44DB84072312FE8000F86D81 /* PBXContainerItemProxy */ = {
			isa = PBXContainerItemProxy;
			containerPortal = 44DB83EA2312FE7F00F86D81 /* Project object */;
			proxyType = 1;
			remoteGlobalIDString = 44DB83F12312FE7F00F86D81;
			remoteInfo = Project2;
		};
		44DB84122312FE8000F86D81 /* PBXContainerItemProxy */ = {
			isa = PBXContainerItemProxy;
			containerPortal = 44DB83EA2312FE7F00F86D81 /* Project object */;
			proxyType = 1;
			remoteGlobalIDString = 44DB83F12312FE7F00F86D81;
			remoteInfo = Project2;
		};
/* End PBXContainerItemProxy section */

/* Begin PBXFileReference section */
		44DB83F22312FE7F00F86D81 /* Project2.app */ = {isa = PBXFileReference; explicitFileType = wrapper.application; includeInIndex = 0; path = Project2.app; sourceTree = BUILT_PRODUCTS_DIR; };
		44DB83F52312FE7F00F86D81 /* AppDelegate.swift */ = {isa = PBXFileReference; lastKnownFileType = sourcecode.swift; path = AppDelegate.swift; sourceTree = "<group>"; };
		44DB83F72312FE7F00F86D81 /* ViewController.swift */ = {isa = PBXFileReference; lastKnownFileType = sourcecode.swift; path = ViewController.swift; sourceTree = "<group>"; };
		44DB83FA2312FE7F00F86D81 /* Base */ = {isa = PBXFileReference; lastKnownFileType = file.storyboard; name = Base; path = Base.lproj/Main.storyboard; sourceTree = "<group>"; };
		44DB83FC2312FE7F00F86D81 /* Assets.xcassets */ = {isa = PBXFileReference; lastKnownFileType = folder.assetcatalog; path = Assets.xcassets; sourceTree = "<group>"; };
		44DB83FF2312FE7F00F86D81 /* Base */ = {isa = PBXFileReference; lastKnownFileType = file.storyboard; name = Base; path = Base.lproj/LaunchScreen.storyboard; sourceTree = "<group>"; };
		44DB84012312FE7F00F86D81 /* Info.plist */ = {isa = PBXFileReference; lastKnownFileType = text.plist.xml; path = Info.plist; sourceTree = "<group>"; };
		44DB84062312FE8000F86D81 /* Project2Tests.xctest */ = {isa = PBXFileReference; explicitFileType = wrapper.cfbundle; includeInIndex = 0; path = Project2Tests.xctest; sourceTree = BUILT_PRODUCTS_DIR; };
		44DB840A2312FE8000F86D81 /* Project2Tests.swift */ = {isa = PBXFileReference; lastKnownFileType = sourcecode.swift; path = Project2Tests.swift; sourceTree = "<group>"; };
		44DB840C2312FE8000F86D81 /* Info.plist */ = {isa = PBXFileReference; lastKnownFileType = text.plist.xml; path = Info.plist; sourceTree = "<group>"; };
		44DB84112312FE8000F86D81 /* Project2UITests.xctest */ = {isa = PBXFileReference; explicitFileType = wrapper.cfbundle; includeInIndex = 0; path = Project2UITests.xctest; sourceTree = BUILT_PRODUCTS_DIR; };
		44DB84152312FE8000F86D81 /* Project2UITests.swift */ = {isa = PBXFileReference; lastKnownFileType = sourcecode.swift; path = Project2UITests.swift; sourceTree = "<group>"; };
		44DB84172312FE8000F86D81 /* Info.plist */ = {isa = PBXFileReference; lastKnownFileType = text.plist.xml; path = Info.plist; sourceTree = "<group>"; };
/* End PBXFileReference section */

/* Begin PBXFrameworksBuildPhase section */
		44DB83EF2312FE7F00F86D81 /* Frameworks */ = {
			isa = PBXFrameworksBuildPhase;
			buildActionMask = 2147483647;
			files = (
			);
			runOnlyForDeploymentPostprocessing = 0;
		};
		44DB84032312FE8000F86D81 /* Frameworks */ = {
			isa = PBXFrameworksBuildPhase;
			buildActionMask = 2147483647;
			files = (
			);
			runOnlyForDeploymentPostprocessing = 0;
		};
		44DB840E2312FE8000F86D81 /* Frameworks */ = {
			isa = PBXFrameworksBuildPhase;
			buildActionMask = 2147483647;
			files = (
			);
			runOnlyForDeploymentPostprocessing = 0;
		};
/* End PBXFrameworksBuildPhase section */

/* Begin PBXGroup section */
		44DB83E92312FE7F00F86D81 = {
			isa = PBXGroup;
			children = (
				44DB83F42312FE7F00F86D81 /* Project2 */,
				44DB84092312FE8000F86D81 /* Project2Tests */,
				44DB84142312FE8000F86D81 /* Project2UITests */,
				44DB83F32312FE7F00F86D81 /* Products */,
			);
			sourceTree = "<group>";
		};
		44DB83F32312FE7F00F86D81 /* Products */ = {
			isa = PBXGroup;
			children = (
				44DB83F22312FE7F00F86D81 /* Project2.app */,
				44DB84062312FE8000F86D81 /* Project2Tests.xctest */,
				44DB84112312FE8000F86D81 /* Project2UITests.xctest */,
			);
			name = Products;
			sourceTree = "<group>";
		};
		44DB83F42312FE7F00F86D81 /* Project2 */ = {
			isa = PBXGroup;
			children = (
				44DB83F52312FE7F00F86D81 /* AppDelegate.swift */,
				44DB83F72312FE7F00F86D81 /* ViewController.swift */,
				44DB83F92312FE7F00F86D81 /* Main.storyboard */,
				44DB83FC2312FE7F00F86D81 /* Assets.xcassets */,
				44DB83FE2312FE7F00F86D81 /* LaunchScreen.storyboard */,
				44DB84012312FE7F00F86D81 /* Info.plist */,
			);
			path = Project2;
			sourceTree = "<group>";
		};
		44DB84092312FE8000F86D81 /* Project2Tests */ = {
			isa = PBXGroup;
			children = (
				44DB840A2312FE8000F86D81 /* Project2Tests.swift */,
				44DB840C2312FE8000F86D81 /* Info.plist */,
			);
			path = Project2Tests;
			sourceTree = "<group>";
		};
		44DB84142312FE8000F86D81 /* Project2UITests */ = {
			isa = PBXGroup;
			children = (
				44DB84152312FE8000F86D81 /* Project2UITests.swift */,
				44DB84172312FE8000F86D81 /* Info.plist */,
			);
			path = Project2UITests;
			sourceTree = "<group>";
		};
/* End PBXGroup section */

/* Begin PBXNativeTarget section */
		44DB83F12312FE7F00F86D81 /* Project2 */ = {
			isa = PBXNativeTarget;
			buildConfigurationList = 44DB841A2312FE8000F86D81 /* Build configuration list for PBXNativeTarget "Project2" */;
			buildPhases = (
				44DB83EE2312FE7F00F86D81 /* Sources */,
				44DB83EF2312FE7F00F86D81 /* Frameworks */,
				44DB83F02312FE7F00F86D81 /* Resources */,
			);
			buildRules = (
			);
			dependencies = (
			);
			name = Project2;
			productName = Project2;
			productReference = 44DB83F22312FE7F00F86D81 /* Project2.app */;
			productType = "com.apple.product-type.application";
		};
		44DB84052312FE8000F86D81 /* Project2Tests */ = {
			isa = PBXNativeTarget;
			buildConfigurationList = 44DB841D2312FE8000F86D81 /* Build configuration list for PBXNativeTarget "Project2Tests" */;
			buildPhases = (
				44DB84022312FE8000F86D81 /* Sources */,
				44DB84032312FE8000F86D81 /* Frameworks */,
				44DB84042312FE8000F86D81 /* Resources */,
			);
			buildRules = (
			);
			dependencies = (
				44DB84082312FE8000F86D81 /* PBXTargetDependency */,
			);
			name = Project2Tests;
			productName = Project2Tests;
			productReference = 44DB84062312FE8000F86D81 /* Project2Tests.xctest */;
			productType = "com.apple.product-type.bundle.unit-test";
		};
		44DB84102312FE8000F86D81 /* Project2UITests */ = {
			isa = PBXNativeTarget;
			buildConfigurationList = 44DB84202312FE8000F86D81 /* Build configuration list for PBXNativeTarget "Project2UITests" */;
			buildPhases = (
				44DB840D2312FE8000F86D81 /* Sources */,
				44DB840E2312FE8000F86D81 /* Frameworks */,
				44DB840F2312FE8000F86D81 /* Resources */,
			);
			buildRules = (
			);
			dependencies = (
				44DB84132312FE8000F86D81 /* PBXTargetDependency */,
			);
			name = Project2UITests;
			productName = Project2UITests;
			productReference = 44DB84112312FE8000F86D81 /* Project2UITests.xctest */;
			productType = "com.apple.product-type.bundle.ui-testing";
		};
/* End PBXNativeTarget section */

/* Begin PBXProject section */
		44DB83EA2312FE7F00F86D81 /* Project object */ = {
			isa = PBXProject;
			attributes = {
				LastSwiftUpdateCheck = 1030;
				LastUpgradeCheck = 1030;
				ORGANIZATIONNAME = "Liem Vo";
				TargetAttributes = {
					44DB83F12312FE7F00F86D81 = {
						CreatedOnToolsVersion = 10.3;
					};
					44DB84052312FE8000F86D81 = {
						CreatedOnToolsVersion = 10.3;
						TestTargetID = 44DB83F12312FE7F00F86D81;
					};
					44DB84102312FE8000F86D81 = {
						CreatedOnToolsVersion = 10.3;
						TestTargetID = 44DB83F12312FE7F00F86D81;
					};
				};
			};
			buildConfigurationList = 44DB83ED2312FE7F00F86D81 /* Build configuration list for PBXProject "Project2" */;
			compatibilityVersion = "Xcode 9.3";
			developmentRegion = en;
			hasScannedForEncodings = 0;
			knownRegions = (
				en,
				Base,
			);
			mainGroup = 44DB83E92312FE7F00F86D81;
			productRefGroup = 44DB83F32312FE7F00F86D81 /* Products */;
			projectDirPath = "";
			projectRoot = "";
			targets = (
				44DB83F12312FE7F00F86D81 /* Project2 */,
				44DB84052312FE8000F86D81 /* Project2Tests */,
				44DB84102312FE8000F86D81 /* Project2UITests */,
			);
		};
/* End PBXProject section */

/* Begin PBXResourcesBuildPhase section */
		44DB83F02312FE7F00F86D81 /* Resources */ = {
			isa = PBXResourcesBuildPhase;
			buildActionMask = 2147483647;
			files = (
				44DB84002312FE7F00F86D81 /* LaunchScreen.storyboard in Resources */,
				44DB83FD2312FE7F00F86D81 /* Assets.xcassets in Resources */,
				44DB83FB2312FE7F00F86D81 /* Main.storyboard in Resources */,
			);
			runOnlyForDeploymentPostprocessing = 0;
		};
		44DB84042312FE8000F86D81 /* Resources */ = {
			isa = PBXResourcesBuildPhase;
			buildActionMask = 2147483647;
			files = (
			);
			runOnlyForDeploymentPostprocessing = 0;
		};
		44DB840F2312FE8000F86D81 /* Resources */ = {
			isa = PBXResourcesBuildPhase;
			buildActionMask = 2147483647;
			files = (
			);
			runOnlyForDeploymentPostprocessing = 0;
		};
/* End PBXResourcesBuildPhase section */

/* Begin PBXSourcesBuildPhase section */
		44DB83EE2312FE7F00F86D81 /* Sources */ = {
			isa = PBXSourcesBuildPhase;
			buildActionMask = 2147483647;
			files = (
				44DB83F82312FE7F00F86D81 /* ViewController.swift in Sources */,
				44DB83F62312FE7F00F86D81 /* AppDelegate.swift in Sources */,
			);
			runOnlyForDeploymentPostprocessing = 0;
		};
		44DB84022312FE8000F86D81 /* Sources */ = {
			isa = PBXSourcesBuildPhase;
			buildActionMask = 2147483647;
			files = (
				44DB840B2312FE8000F86D81 /* Project2Tests.swift in Sources */,
			);
			runOnlyForDeploymentPostprocessing = 0;
		};
		44DB840D2312FE8000F86D81 /* Sources */ = {
			isa = PBXSourcesBuildPhase;
			buildActionMask = 2147483647;
			files = (
				44DB84162312FE8000F86D81 /* Project2UITests.swift in Sources */,
			);
			runOnlyForDeploymentPostprocessing = 0;
		};
/* End PBXSourcesBuildPhase section */

/* Begin PBXTargetDependency section */
		44DB84082312FE8000F86D81 /* PBXTargetDependency */ = {
			isa = PBXTargetDependency;
			target = 44DB83F12312FE7F00F86D81 /* Project2 */;
			targetProxy = 44DB84072312FE8000F86D81 /* PBXContainerItemProxy */;
		};
		44DB84132312FE8000F86D81 /* PBXTargetDependency */ = {
			isa = PBXTargetDependency;
			target = 44DB83F12312FE7F00F86D81 /* Project2 */;
			targetProxy = 44DB84122312FE8000F86D81 /* PBXContainerItemProxy */;
		};
/* End PBXTargetDependency section */

/* Begin PBXVariantGroup section */
		44DB83F92312FE7F00F86D81 /* Main.storyboard */ = {
			isa = PBXVariantGroup;
			children = (
				44DB83FA2312FE7F00F86D81 /* Base */,
			);
			name = Main.storyboard;
			sourceTree = "<group>";
		};
		44DB83FE2312FE7F00F86D81 /* LaunchScreen.storyboard */ = {
			isa = PBXVariantGroup;
			children = (
				44DB83FF2312FE7F00F86D81 /* Base */,
			);
			name = LaunchScreen.storyboard;
			sourceTree = "<group>";
		};
/* End PBXVariantGroup section */

/* Begin XCBuildConfiguration section */
		44DB84182312FE8000F86D81 /* Debug */ = {
			isa = XCBuildConfiguration;
			buildSettings = {
				ALWAYS_SEARCH_USER_PATHS = NO;
				CLANG_ANALYZER_NONNULL = YES;
				CLANG_ANALYZER_NUMBER_OBJECT_CONVERSION = YES_AGGRESSIVE;
				CLANG_CXX_LANGUAGE_STANDARD = "gnu++14";
				CLANG_CXX_LIBRARY = "libc++";
				CLANG_ENABLE_MODULES = YES;
				CLANG_ENABLE_OBJC_ARC = YES;
				CLANG_ENABLE_OBJC_WEAK = YES;
				CLANG_WARN_BLOCK_CAPTURE_AUTORELEASING = YES;
				CLANG_WARN_BOOL_CONVERSION = YES;
				CLANG_WARN_COMMA = YES;
				CLANG_WARN_CONSTANT_CONVERSION = YES;
				CLANG_WARN_DEPRECATED_OBJC_IMPLEMENTATIONS = YES;
				CLANG_WARN_DIRECT_OBJC_ISA_USAGE = YES_ERROR;
				CLANG_WARN_DOCUMENTATION_COMMENTS = YES;
				CLANG_WARN_EMPTY_BODY = YES;
				CLANG_WARN_ENUM_CONVERSION = YES;
				CLANG_WARN_INFINITE_RECURSION = YES;
				CLANG_WARN_INT_CONVERSION = YES;
				CLANG_WARN_NON_LITERAL_NULL_CONVERSION = YES;
				CLANG_WARN_OBJC_IMPLICIT_RETAIN_SELF = YES;
				CLANG_WARN_OBJC_LITERAL_CONVERSION = YES;
				CLANG_WARN_OBJC_ROOT_CLASS = YES_ERROR;
				CLANG_WARN_RANGE_LOOP_ANALYSIS = YES;
				CLANG_WARN_STRICT_PROTOTYPES = YES;
				CLANG_WARN_SUSPICIOUS_MOVE = YES;
				CLANG_WARN_UNGUARDED_AVAILABILITY = YES_AGGRESSIVE;
				CLANG_WARN_UNREACHABLE_CODE = YES;
				CLANG_WARN__DUPLICATE_METHOD_MATCH = YES;
				CODE_SIGN_IDENTITY = "iPhone Developer";
				COPY_PHASE_STRIP = NO;
				DEBUG_INFORMATION_FORMAT = dwarf;
				ENABLE_STRICT_OBJC_MSGSEND = YES;
				ENABLE_TESTABILITY = YES;
				GCC_C_LANGUAGE_STANDARD = gnu11;
				GCC_DYNAMIC_NO_PIC = NO;
				GCC_NO_COMMON_BLOCKS = YES;
				GCC_OPTIMIZATION_LEVEL = 0;
				GCC_PREPROCESSOR_DEFINITIONS = (
					"DEBUG=1",
					"$(inherited)",
				);
				GCC_WARN_64_TO_32_BIT_CONVERSION = YES;
				GCC_WARN_ABOUT_RETURN_TYPE = YES_ERROR;
				GCC_WARN_UNDECLARED_SELECTOR = YES;
				GCC_WARN_UNINITIALIZED_AUTOS = YES_AGGRESSIVE;
				GCC_WARN_UNUSED_FUNCTION = YES;
				GCC_WARN_UNUSED_VARIABLE = YES;
				IPHONEOS_DEPLOYMENT_TARGET = 12.4;
				MTL_ENABLE_DEBUG_INFO = INCLUDE_SOURCE;
				MTL_FAST_MATH = YES;
				ONLY_ACTIVE_ARCH = YES;
				SDKROOT = iphoneos;
				SWIFT_ACTIVE_COMPILATION_CONDITIONS = DEBUG;
				SWIFT_OPTIMIZATION_LEVEL = "-Onone";
			};
			name = Debug;
		};
		44DB84192312FE8000F86D81 /* Release */ = {
			isa = XCBuildConfiguration;
			buildSettings = {
				ALWAYS_SEARCH_USER_PATHS = NO;
				CLANG_ANALYZER_NONNULL = YES;
				CLANG_ANALYZER_NUMBER_OBJECT_CONVERSION = YES_AGGRESSIVE;
				CLANG_CXX_LANGUAGE_STANDARD = "gnu++14";
				CLANG_CXX_LIBRARY = "libc++";
				CLANG_ENABLE_MODULES = YES;
				CLANG_ENABLE_OBJC_ARC = YES;
				CLANG_ENABLE_OBJC_WEAK = YES;
				CLANG_WARN_BLOCK_CAPTURE_AUTORELEASING = YES;
				CLANG_WARN_BOOL_CONVERSION = YES;
				CLANG_WARN_COMMA = YES;
				CLANG_WARN_CONSTANT_CONVERSION = YES;
				CLANG_WARN_DEPRECATED_OBJC_IMPLEMENTATIONS = YES;
				CLANG_WARN_DIRECT_OBJC_ISA_USAGE = YES_ERROR;
				CLANG_WARN_DOCUMENTATION_COMMENTS = YES;
				CLANG_WARN_EMPTY_BODY = YES;
				CLANG_WARN_ENUM_CONVERSION = YES;
				CLANG_WARN_INFINITE_RECURSION = YES;
				CLANG_WARN_INT_CONVERSION = YES;
				CLANG_WARN_NON_LITERAL_NULL_CONVERSION = YES;
				CLANG_WARN_OBJC_IMPLICIT_RETAIN_SELF = YES;
				CLANG_WARN_OBJC_LITERAL_CONVERSION = YES;
				CLANG_WARN_OBJC_ROOT_CLASS = YES_ERROR;
				CLANG_WARN_RANGE_LOOP_ANALYSIS = YES;
				CLANG_WARN_STRICT_PROTOTYPES = YES;
				CLANG_WARN_SUSPICIOUS_MOVE = YES;
				CLANG_WARN_UNGUARDED_AVAILABILITY = YES_AGGRESSIVE;
				CLANG_WARN_UNREACHABLE_CODE = YES;
				CLANG_WARN__DUPLICATE_METHOD_MATCH = YES;
				CODE_SIGN_IDENTITY = "iPhone Developer";
				COPY_PHASE_STRIP = NO;
				DEBUG_INFORMATION_FORMAT = "dwarf-with-dsym";
				ENABLE_NS_ASSERTIONS = NO;
				ENABLE_STRICT_OBJC_MSGSEND = YES;
				GCC_C_LANGUAGE_STANDARD = gnu11;
				GCC_NO_COMMON_BLOCKS = YES;
				GCC_WARN_64_TO_32_BIT_CONVERSION = YES;
				GCC_WARN_ABOUT_RETURN_TYPE = YES_ERROR;
				GCC_WARN_UNDECLARED_SELECTOR = YES;
				GCC_WARN_UNINITIALIZED_AUTOS = YES_AGGRESSIVE;
				GCC_WARN_UNUSED_FUNCTION = YES;
				GCC_WARN_UNUSED_VARIABLE = YES;
				IPHONEOS_DEPLOYMENT_TARGET = 12.4;
				MTL_ENABLE_DEBUG_INFO = NO;
				MTL_FAST_MATH = YES;
				SDKROOT = iphoneos;
				SWIFT_COMPILATION_MODE = wholemodule;
				SWIFT_OPTIMIZATION_LEVEL = "-O";
				VALIDATE_PRODUCT = YES;
			};
			name = Release;
		};
		44DB841B2312FE8000F86D81 /* Debug */ = {
			isa = XCBuildConfiguration;
			buildSettings = {
				ASSETCATALOG_COMPILER_APPICON_NAME = AppIcon;
				CODE_SIGN_STYLE = Automatic;
				DEVELOPMENT_TEAM = X3FGZM4HB9;
				INFOPLIST_FILE = Project2/Info.plist;
				LD_RUNPATH_SEARCH_PATHS = (
					"$(inherited)",
					"@executable_path/Frameworks",
				);
				PRODUCT_BUNDLE_IDENTIFIER = com.vad.Project2;
				PRODUCT_NAME = "$(TARGET_NAME)";
				SWIFT_VERSION = 5.0;
				TARGETED_DEVICE_FAMILY = "1,2";
			};
			name = Debug;
		};
		44DB841C2312FE8000F86D81 /* Release */ = {
			isa = XCBuildConfiguration;
			buildSettings = {
				ASSETCATALOG_COMPILER_APPICON_NAME = AppIcon;
				CODE_SIGN_STYLE = Automatic;
				DEVELOPMENT_TEAM = X3FGZM4HB9;
				INFOPLIST_FILE = Project2/Info.plist;
				LD_RUNPATH_SEARCH_PATHS = (
					"$(inherited)",
					"@executable_path/Frameworks",
				);
				PRODUCT_BUNDLE_IDENTIFIER = com.vad.Project2;
				PRODUCT_NAME = "$(TARGET_NAME)";
				SWIFT_VERSION = 5.0;
				TARGETED_DEVICE_FAMILY = "1,2";
			};
			name = Release;
		};
		44DB841E2312FE8000F86D81 /* Debug */ = {
			isa = XCBuildConfiguration;
			buildSettings = {
				ALWAYS_EMBED_SWIFT_STANDARD_LIBRARIES = YES;
				BUNDLE_LOADER = "$(TEST_HOST)";
				CODE_SIGN_STYLE = Automatic;
				DEVELOPMENT_TEAM = X3FGZM4HB9;
				INFOPLIST_FILE = Project2Tests/Info.plist;
				LD_RUNPATH_SEARCH_PATHS = (
					"$(inherited)",
					"@executable_path/Frameworks",
					"@loader_path/Frameworks",
				);
				PRODUCT_BUNDLE_IDENTIFIER = com.vad.Project2Tests;
				PRODUCT_NAME = "$(TARGET_NAME)";
				SWIFT_VERSION = 5.0;
				TARGETED_DEVICE_FAMILY = "1,2";
				TEST_HOST = "$(BUILT_PRODUCTS_DIR)/Project2.app/Project2";
			};
			name = Debug;
		};
		44DB841F2312FE8000F86D81 /* Release */ = {
			isa = XCBuildConfiguration;
			buildSettings = {
				ALWAYS_EMBED_SWIFT_STANDARD_LIBRARIES = YES;
				BUNDLE_LOADER = "$(TEST_HOST)";
				CODE_SIGN_STYLE = Automatic;
				DEVELOPMENT_TEAM = X3FGZM4HB9;
				INFOPLIST_FILE = Project2Tests/Info.plist;
				LD_RUNPATH_SEARCH_PATHS = (
					"$(inherited)",
					"@executable_path/Frameworks",
					"@loader_path/Frameworks",
				);
				PRODUCT_BUNDLE_IDENTIFIER = com.vad.Project2Tests;
				PRODUCT_NAME = "$(TARGET_NAME)";
				SWIFT_VERSION = 5.0;
				TARGETED_DEVICE_FAMILY = "1,2";
				TEST_HOST = "$(BUILT_PRODUCTS_DIR)/Project2.app/Project2";
			};
			name = Release;
		};
		44DB84212312FE8000F86D81 /* Debug */ = {
			isa = XCBuildConfiguration;
			buildSettings = {
				ALWAYS_EMBED_SWIFT_STANDARD_LIBRARIES = YES;
				CODE_SIGN_STYLE = Automatic;
				DEVELOPMENT_TEAM = X3FGZM4HB9;
				INFOPLIST_FILE = Project2UITests/Info.plist;
				LD_RUNPATH_SEARCH_PATHS = (
					"$(inherited)",
					"@executable_path/Frameworks",
					"@loader_path/Frameworks",
				);
				PRODUCT_BUNDLE_IDENTIFIER = com.vad.Project2UITests;
				PRODUCT_NAME = "$(TARGET_NAME)";
				SWIFT_VERSION = 5.0;
				TARGETED_DEVICE_FAMILY = "1,2";
				TEST_TARGET_NAME = Project2;
			};
			name = Debug;
		};
		44DB84222312FE8000F86D81 /* Release */ = {
			isa = XCBuildConfiguration;
			buildSettings = {
				ALWAYS_EMBED_SWIFT_STANDARD_LIBRARIES = YES;
				CODE_SIGN_STYLE = Automatic;
				DEVELOPMENT_TEAM = X3FGZM4HB9;
				INFOPLIST_FILE = Project2UITests/Info.plist;
				LD_RUNPATH_SEARCH_PATHS = (
					"$(inherited)",
					"@executable_path/Frameworks",
					"@loader_path/Frameworks",
				);
				PRODUCT_BUNDLE_IDENTIFIER = com.vad.Project2UITests;
				PRODUCT_NAME = "$(TARGET_NAME)";
				SWIFT_VERSION = 5.0;
				TARGETED_DEVICE_FAMILY = "1,2";
				TEST_TARGET_NAME = Project2;
			};
			name = Release;
		};
/* End XCBuildConfiguration section */

/* Begin XCConfigurationList section */
		44DB83ED2312FE7F00F86D81 /* Build configuration list for PBXProject "Project2" */ = {
			isa = XCConfigurationList;
			buildConfigurations = (
				44DB84182312FE8000F86D81 /* Debug */,
				44DB84192312FE8000F86D81 /* Release */,
			);
			defaultConfigurationIsVisible = 0;
			defaultConfigurationName = Release;
		};
		44DB841A2312FE8000F86D81 /* Build configuration list for PBXNativeTarget "Project2" */ = {
			isa = XCConfigurationList;
			buildConfigurations = (
				44DB841B2312FE8000F86D81 /* Debug */,
				44DB841C2312FE8000F86D81 /* Release */,
			);
			defaultConfigurationIsVisible = 0;
			defaultConfigurationName = Release;
		};
		44DB841D2312FE8000F86D81 /* Build configuration list for PBXNativeTarget "Project2Tests" */ = {
			isa = XCConfigurationList;
			buildConfigurations = (
				44DB841E2312FE8000F86D81 /* Debug */,
				44DB841F2312FE8000F86D81 /* Release */,
			);
			defaultConfigurationIsVisible = 0;
			defaultConfigurationName = Release;
		};
		44DB84202312FE8000F86D81 /* Build configuration list for PBXNativeTarget "Project2UITests" */ = {
			isa = XCConfigurationList;
			buildConfigurations = (
				44DB84212312FE8000F86D81 /* Debug */,
				44DB84222312FE8000F86D81 /* Release */,
			);
			defaultConfigurationIsVisible = 0;
			defaultConfigurationName = Release;
		};
/* End XCConfigurationList section */
	};
	rootObject = 44DB83EA2312FE7F00F86D81 /* Project object */;
}
