// !$*UTF8*$!
{
	archiveVersion = 1;
	classes = {
	};
	objectVersion = 50;
	objects = {

/* Begin PBXBuildFile section */
		44430C5E2338CEB600E23A44 /* AppDelegate.swift in Sources */ = {isa = PBXBuildFile; fileRef = 44430C5D2338CEB600E23A44 /* AppDelegate.swift */; };
		44430C602338CEB600E23A44 /* SceneDelegate.swift in Sources */ = {isa = PBXBuildFile; fileRef = 44430C5F2338CEB600E23A44 /* SceneDelegate.swift */; };
		44430C622338CEB600E23A44 /* ViewController.swift in Sources */ = {isa = PBXBuildFile; fileRef = 44430C612338CEB600E23A44 /* ViewController.swift */; };
		44430C652338CEB600E23A44 /* Main.storyboard in Resources */ = {isa = PBXBuildFile; fileRef = 44430C632338CEB600E23A44 /* Main.storyboard */; };
		44430C672338CEB800E23A44 /* Assets.xcassets in Resources */ = {isa = PBXBuildFile; fileRef = 44430C662338CEB800E23A44 /* Assets.xcassets */; };
		44430C6A2338CEB800E23A44 /* LaunchScreen.storyboard in Resources */ = {isa = PBXBuildFile; fileRef = 44430C682338CEB800E23A44 /* LaunchScreen.storyboard */; };
		44430C722338D09000E23A44 /* ItemCell.swift in Sources */ = {isa = PBXBuildFile; fileRef = 44430C712338D09000E23A44 /* ItemCell.swift */; };
		44430C742338D20900E23A44 /* Person.swift in Sources */ = {isa = PBXBuildFile; fileRef = 44430C732338D20900E23A44 /* Person.swift */; };
		44430C762338D86200E23A44 /* DetailsViewController.swift in Sources */ = {isa = PBXBuildFile; fileRef = 44430C752338D86200E23A44 /* DetailsViewController.swift */; };
/* End PBXBuildFile section */

/* Begin PBXFileReference section */
		44430C5A2338CEB600E23A44 /* Challenge1012.app */ = {isa = PBXFileReference; explicitFileType = wrapper.application; includeInIndex = 0; path = Challenge1012.app; sourceTree = BUILT_PRODUCTS_DIR; };
		44430C5D2338CEB600E23A44 /* AppDelegate.swift */ = {isa = PBXFileReference; lastKnownFileType = sourcecode.swift; path = AppDelegate.swift; sourceTree = "<group>"; };
		44430C5F2338CEB600E23A44 /* SceneDelegate.swift */ = {isa = PBXFileReference; lastKnownFileType = sourcecode.swift; path = SceneDelegate.swift; sourceTree = "<group>"; };
		44430C612338CEB600E23A44 /* ViewController.swift */ = {isa = PBXFileReference; lastKnownFileType = sourcecode.swift; path = ViewController.swift; sourceTree = "<group>"; };
		44430C642338CEB600E23A44 /* Base */ = {isa = PBXFileReference; lastKnownFileType = file.storyboard; name = Base; path = Base.lproj/Main.storyboard; sourceTree = "<group>"; };
		44430C662338CEB800E23A44 /* Assets.xcassets */ = {isa = PBXFileReference; lastKnownFileType = folder.assetcatalog; path = Assets.xcassets; sourceTree = "<group>"; };
		44430C692338CEB800E23A44 /* Base */ = {isa = PBXFileReference; lastKnownFileType = file.storyboard; name = Base; path = Base.lproj/LaunchScreen.storyboard; sourceTree = "<group>"; };
		44430C6B2338CEB800E23A44 /* Info.plist */ = {isa = PBXFileReference; lastKnownFileType = text.plist.xml; path = Info.plist; sourceTree = "<group>"; };
		44430C712338D09000E23A44 /* ItemCell.swift */ = {isa = PBXFileReference; lastKnownFileType = sourcecode.swift; path = ItemCell.swift; sourceTree = "<group>"; };
		44430C732338D20900E23A44 /* Person.swift */ = {isa = PBXFileReference; lastKnownFileType = sourcecode.swift; path = Person.swift; sourceTree = "<group>"; };
		44430C752338D86200E23A44 /* DetailsViewController.swift */ = {isa = PBXFileReference; lastKnownFileType = sourcecode.swift; path = DetailsViewController.swift; sourceTree = "<group>"; };
/* End PBXFileReference section */

/* Begin PBXFrameworksBuildPhase section */
		44430C572338CEB600E23A44 /* Frameworks */ = {
			isa = PBXFrameworksBuildPhase;
			buildActionMask = 2147483647;
			files = (
			);
			runOnlyForDeploymentPostprocessing = 0;
		};
/* End PBXFrameworksBuildPhase section */

/* Begin PBXGroup section */
		44430C512338CEB600E23A44 = {
			isa = PBXGroup;
			children = (
				44430C5C2338CEB600E23A44 /* Challenge1012 */,
				44430C5B2338CEB600E23A44 /* Products */,
			);
			sourceTree = "<group>";
		};
		44430C5B2338CEB600E23A44 /* Products */ = {
			isa = PBXGroup;
			children = (
				44430C5A2338CEB600E23A44 /* Challenge1012.app */,
			);
			name = Products;
			sourceTree = "<group>";
		};
		44430C5C2338CEB600E23A44 /* Challenge1012 */ = {
			isa = PBXGroup;
			children = (
				44430C5D2338CEB600E23A44 /* AppDelegate.swift */,
				44430C5F2338CEB600E23A44 /* SceneDelegate.swift */,
				44430C612338CEB600E23A44 /* ViewController.swift */,
				44430C632338CEB600E23A44 /* Main.storyboard */,
				44430C662338CEB800E23A44 /* Assets.xcassets */,
				44430C682338CEB800E23A44 /* LaunchScreen.storyboard */,
				44430C6B2338CEB800E23A44 /* Info.plist */,
				44430C712338D09000E23A44 /* ItemCell.swift */,
				44430C732338D20900E23A44 /* Person.swift */,
				44430C752338D86200E23A44 /* DetailsViewController.swift */,
			);
			path = Challenge1012;
			sourceTree = "<group>";
		};
/* End PBXGroup section */

/* Begin PBXNativeTarget section */
		44430C592338CEB600E23A44 /* Challenge1012 */ = {
			isa = PBXNativeTarget;
			buildConfigurationList = 44430C6E2338CEB800E23A44 /* Build configuration list for PBXNativeTarget "Challenge1012" */;
			buildPhases = (
				44430C562338CEB600E23A44 /* Sources */,
				44430C572338CEB600E23A44 /* Frameworks */,
				44430C582338CEB600E23A44 /* Resources */,
			);
			buildRules = (
			);
			dependencies = (
			);
			name = Challenge1012;
			productName = Challenge1012;
			productReference = 44430C5A2338CEB600E23A44 /* Challenge1012.app */;
			productType = "com.apple.product-type.application";
		};
/* End PBXNativeTarget section */

/* Begin PBXProject section */
		44430C522338CEB600E23A44 /* Project object */ = {
			isa = PBXProject;
			attributes = {
				LastSwiftUpdateCheck = 1100;
				LastUpgradeCheck = 1100;
				ORGANIZATIONNAME = "Liem Vo";
				TargetAttributes = {
					44430C592338CEB600E23A44 = {
						CreatedOnToolsVersion = 11.0;
					};
				};
			};
			buildConfigurationList = 44430C552338CEB600E23A44 /* Build configuration list for PBXProject "Challenge1012" */;
			compatibilityVersion = "Xcode 9.3";
			developmentRegion = en;
			hasScannedForEncodings = 0;
			knownRegions = (
				en,
				Base,
			);
			mainGroup = 44430C512338CEB600E23A44;
			productRefGroup = 44430C5B2338CEB600E23A44 /* Products */;
			projectDirPath = "";
			projectRoot = "";
			targets = (
				44430C592338CEB600E23A44 /* Challenge1012 */,
			);
		};
/* End PBXProject section */

/* Begin PBXResourcesBuildPhase section */
		44430C582338CEB600E23A44 /* Resources */ = {
			isa = PBXResourcesBuildPhase;
			buildActionMask = 2147483647;
			files = (
				44430C6A2338CEB800E23A44 /* LaunchScreen.storyboard in Resources */,
				44430C672338CEB800E23A44 /* Assets.xcassets in Resources */,
				44430C652338CEB600E23A44 /* Main.storyboard in Resources */,
			);
			runOnlyForDeploymentPostprocessing = 0;
		};
/* End PBXResourcesBuildPhase section */

/* Begin PBXSourcesBuildPhase section */
		44430C562338CEB600E23A44 /* Sources */ = {
			isa = PBXSourcesBuildPhase;
			buildActionMask = 2147483647;
			files = (
				44430C742338D20900E23A44 /* Person.swift in Sources */,
				44430C722338D09000E23A44 /* ItemCell.swift in Sources */,
				44430C622338CEB600E23A44 /* ViewController.swift in Sources */,
				44430C5E2338CEB600E23A44 /* AppDelegate.swift in Sources */,
				44430C602338CEB600E23A44 /* SceneDelegate.swift in Sources */,
				44430C762338D86200E23A44 /* DetailsViewController.swift in Sources */,
			);
			runOnlyForDeploymentPostprocessing = 0;
		};
/* End PBXSourcesBuildPhase section */

/* Begin PBXVariantGroup section */
		44430C632338CEB600E23A44 /* Main.storyboard */ = {
			isa = PBXVariantGroup;
			children = (
				44430C642338CEB600E23A44 /* Base */,
			);
			name = Main.storyboard;
			sourceTree = "<group>";
		};
		44430C682338CEB800E23A44 /* LaunchScreen.storyboard */ = {
			isa = PBXVariantGroup;
			children = (
				44430C692338CEB800E23A44 /* Base */,
			);
			name = LaunchScreen.storyboard;
			sourceTree = "<group>";
		};
/* End PBXVariantGroup section */

/* Begin XCBuildConfiguration section */
		44430C6C2338CEB800E23A44 /* Debug */ = {
			isa = XCBuildConfiguration;
			buildSettings = {
				ALWAYS_SEARCH_USER_PATHS = NO;
				CLANG_ANALYZER_NONNULL = YES;
				CLANG_ANALYZER_NUMBER_OBJECT_CONVERSION = YES_AGGRESSIVE;
				CLANG_CXX_LANGUAGE_STANDARD = "gnu++14";
				CLANG_CXX_LIBRARY = "libc++";
				CLANG_ENABLE_MODULES = YES;
				CLANG_ENABLE_OBJC_ARC = YES;
				CLANG_ENABLE_OBJC_WEAK = YES;
				CLANG_WARN_BLOCK_CAPTURE_AUTORELEASING = YES;
				CLANG_WARN_BOOL_CONVERSION = YES;
				CLANG_WARN_COMMA = YES;
				CLANG_WARN_CONSTANT_CONVERSION = YES;
				CLANG_WARN_DEPRECATED_OBJC_IMPLEMENTATIONS = YES;
				CLANG_WARN_DIRECT_OBJC_ISA_USAGE = YES_ERROR;
				CLANG_WARN_DOCUMENTATION_COMMENTS = YES;
				CLANG_WARN_EMPTY_BODY = YES;
				CLANG_WARN_ENUM_CONVERSION = YES;
				CLANG_WARN_INFINITE_RECURSION = YES;
				CLANG_WARN_INT_CONVERSION = YES;
				CLANG_WARN_NON_LITERAL_NULL_CONVERSION = YES;
				CLANG_WARN_OBJC_IMPLICIT_RETAIN_SELF = YES;
				CLANG_WARN_OBJC_LITERAL_CONVERSION = YES;
				CLANG_WARN_OBJC_ROOT_CLASS = YES_ERROR;
				CLANG_WARN_RANGE_LOOP_ANALYSIS = YES;
				CLANG_WARN_STRICT_PROTOTYPES = YES;
				CLANG_WARN_SUSPICIOUS_MOVE = YES;
				CLANG_WARN_UNGUARDED_AVAILABILITY = YES_AGGRESSIVE;
				CLANG_WARN_UNREACHABLE_CODE = YES;
				CLANG_WARN__DUPLICATE_METHOD_MATCH = YES;
				COPY_PHASE_STRIP = NO;
				DEBUG_INFORMATION_FORMAT = dwarf;
				ENABLE_STRICT_OBJC_MSGSEND = YES;
				ENABLE_TESTABILITY = YES;
				GCC_C_LANGUAGE_STANDARD = gnu11;
				GCC_DYNAMIC_NO_PIC = NO;
				GCC_NO_COMMON_BLOCKS = YES;
				GCC_OPTIMIZATION_LEVEL = 0;
				GCC_PREPROCESSOR_DEFINITIONS = (
					"DEBUG=1",
					"$(inherited)",
				);
				GCC_WARN_64_TO_32_BIT_CONVERSION = YES;
				GCC_WARN_ABOUT_RETURN_TYPE = YES_ERROR;
				GCC_WARN_UNDECLARED_SELECTOR = YES;
				GCC_WARN_UNINITIALIZED_AUTOS = YES_AGGRESSIVE;
				GCC_WARN_UNUSED_FUNCTION = YES;
				GCC_WARN_UNUSED_VARIABLE = YES;
				IPHONEOS_DEPLOYMENT_TARGET = 13.0;
				MTL_ENABLE_DEBUG_INFO = INCLUDE_SOURCE;
				MTL_FAST_MATH = YES;
				ONLY_ACTIVE_ARCH = YES;
				SDKROOT = iphoneos;
				SWIFT_ACTIVE_COMPILATION_CONDITIONS = DEBUG;
				SWIFT_OPTIMIZATION_LEVEL = "-Onone";
			};
			name = Debug;
		};
		44430C6D2338CEB800E23A44 /* Release */ = {
			isa = XCBuildConfiguration;
			buildSettings = {
				ALWAYS_SEARCH_USER_PATHS = NO;
				CLANG_ANALYZER_NONNULL = YES;
				CLANG_ANALYZER_NUMBER_OBJECT_CONVERSION = YES_AGGRESSIVE;
				CLANG_CXX_LANGUAGE_STANDARD = "gnu++14";
				CLANG_CXX_LIBRARY = "libc++";
				CLANG_ENABLE_MODULES = YES;
				CLANG_ENABLE_OBJC_ARC = YES;
				CLANG_ENABLE_OBJC_WEAK = YES;
				CLANG_WARN_BLOCK_CAPTURE_AUTORELEASING = YES;
				CLANG_WARN_BOOL_CONVERSION = YES;
				CLANG_WARN_COMMA = YES;
				CLANG_WARN_CONSTANT_CONVERSION = YES;
				CLANG_WARN_DEPRECATED_OBJC_IMPLEMENTATIONS = YES;
				CLANG_WARN_DIRECT_OBJC_ISA_USAGE = YES_ERROR;
				CLANG_WARN_DOCUMENTATION_COMMENTS = YES;
				CLANG_WARN_EMPTY_BODY = YES;
				CLANG_WARN_ENUM_CONVERSION = YES;
				CLANG_WARN_INFINITE_RECURSION = YES;
				CLANG_WARN_INT_CONVERSION = YES;
				CLANG_WARN_NON_LITERAL_NULL_CONVERSION = YES;
				CLANG_WARN_OBJC_IMPLICIT_RETAIN_SELF = YES;
				CLANG_WARN_OBJC_LITERAL_CONVERSION = YES;
				CLANG_WARN_OBJC_ROOT_CLASS = YES_ERROR;
				CLANG_WARN_RANGE_LOOP_ANALYSIS = YES;
				CLANG_WARN_STRICT_PROTOTYPES = YES;
				CLANG_WARN_SUSPICIOUS_MOVE = YES;
				CLANG_WARN_UNGUARDED_AVAILABILITY = YES_AGGRESSIVE;
				CLANG_WARN_UNREACHABLE_CODE = YES;
				CLANG_WARN__DUPLICATE_METHOD_MATCH = YES;
				COPY_PHASE_STRIP = NO;
				DEBUG_INFORMATION_FORMAT = "dwarf-with-dsym";
				ENABLE_NS_ASSERTIONS = NO;
				ENABLE_STRICT_OBJC_MSGSEND = YES;
				GCC_C_LANGUAGE_STANDARD = gnu11;
				GCC_NO_COMMON_BLOCKS = YES;
				GCC_WARN_64_TO_32_BIT_CONVERSION = YES;
				GCC_WARN_ABOUT_RETURN_TYPE = YES_ERROR;
				GCC_WARN_UNDECLARED_SELECTOR = YES;
				GCC_WARN_UNINITIALIZED_AUTOS = YES_AGGRESSIVE;
				GCC_WARN_UNUSED_FUNCTION = YES;
				GCC_WARN_UNUSED_VARIABLE = YES;
				IPHONEOS_DEPLOYMENT_TARGET = 13.0;
				MTL_ENABLE_DEBUG_INFO = NO;
				MTL_FAST_MATH = YES;
				SDKROOT = iphoneos;
				SWIFT_COMPILATION_MODE = wholemodule;
				SWIFT_OPTIMIZATION_LEVEL = "-O";
				VALIDATE_PRODUCT = YES;
			};
			name = Release;
		};
		44430C6F2338CEB800E23A44 /* Debug */ = {
			isa = XCBuildConfiguration;
			buildSettings = {
				ASSETCATALOG_COMPILER_APPICON_NAME = AppIcon;
				CODE_SIGN_STYLE = Automatic;
				DEVELOPMENT_TEAM = X3FGZM4HB9;
				INFOPLIST_FILE = Challenge1012/Info.plist;
				LD_RUNPATH_SEARCH_PATHS = (
					"$(inherited)",
					"@executable_path/Frameworks",
				);
				PRODUCT_BUNDLE_IDENTIFIER = com.vad.Challenge1012;
				PRODUCT_NAME = "$(TARGET_NAME)";
				SWIFT_VERSION = 5.0;
				TARGETED_DEVICE_FAMILY = "1,2";
			};
			name = Debug;
		};
		44430C702338CEB800E23A44 /* Release */ = {
			isa = XCBuildConfiguration;
			buildSettings = {
				ASSETCATALOG_COMPILER_APPICON_NAME = AppIcon;
				CODE_SIGN_STYLE = Automatic;
				DEVELOPMENT_TEAM = X3FGZM4HB9;
				INFOPLIST_FILE = Challenge1012/Info.plist;
				LD_RUNPATH_SEARCH_PATHS = (
					"$(inherited)",
					"@executable_path/Frameworks",
				);
				PRODUCT_BUNDLE_IDENTIFIER = com.vad.Challenge1012;
				PRODUCT_NAME = "$(TARGET_NAME)";
				SWIFT_VERSION = 5.0;
				TARGETED_DEVICE_FAMILY = "1,2";
			};
			name = Release;
		};
/* End XCBuildConfiguration section */

/* Begin XCConfigurationList section */
		44430C552338CEB600E23A44 /* Build configuration list for PBXProject "Challenge1012" */ = {
			isa = XCConfigurationList;
			buildConfigurations = (
				44430C6C2338CEB800E23A44 /* Debug */,
				44430C6D2338CEB800E23A44 /* Release */,
			);
			defaultConfigurationIsVisible = 0;
			defaultConfigurationName = Release;
		};
		44430C6E2338CEB800E23A44 /* Build configuration list for PBXNativeTarget "Challenge1012" */ = {
			isa = XCConfigurationList;
			buildConfigurations = (
				44430C6F2338CEB800E23A44 /* Debug */,
				44430C702338CEB800E23A44 /* Release */,
			);
			defaultConfigurationIsVisible = 0;
			defaultConfigurationName = Release;
		};
/* End XCConfigurationList section */
	};
	rootObject = 44430C522338CEB600E23A44 /* Project object */;
}
